PODS:
  - Cartography (0.5.0)
  - Hex (2.0)
  - Pages (0.6.2)
  - Presentation (2.0.0):
    - Cartography (~> 0.5.0)
    - Pages (~> 0.6.2)

DEPENDENCIES:
  - Cartography (from `https://github.com/robb/Cartography.git`)
  - Hex (~> 2.0)
  - Pages (from `https://github.com/hyperoslo/Pages`)
  - Presentation (from `../../`)

EXTERNAL SOURCES:
  Cartography:
    :git: https://github.com/robb/Cartography.git
  Pages:
    :git: https://github.com/hyperoslo/Pages
  Presentation:
    :path: "../../"

CHECKOUT OPTIONS:
  Cartography:
    :commit: 5ced82bb4bcd34ef232e2c13c3d07d686238b457
    :git: https://github.com/robb/Cartography.git
  Pages:
    :commit: f411722d6281fee2d458cc520e3fb9c4de62f04c
    :git: https://github.com/hyperoslo/Pages

SPEC CHECKSUMS:
  Cartography: 314f5ed1495995760487161eeb7a8a0940d88ad3
  Hex: 1800bd20206b93b10422d2289baa3787698825ad
  Pages: 6c042132f8c63c34d242789b7763d4c64e9681a0
  Presentation: 11c0a317bd206f671492cebba09b3ea3fab4b9c8

COCOAPODS: 0.39.0.beta.4
