PODS:
  - Cartography (1.0.0)
  - Hue (1.2.0)
  - Pages (1.0.0)
  - Presentation (2.1.0):
    - Cartography
    - Pages

DEPENDENCIES:
  - Hue (from `https://github.com/hyperoslo/Hue`, branch `swift3`)
  - Presentation (from `../../`)

EXTERNAL SOURCES:
  Hue:
    :branch: swift3
    :git: https://github.com/hyperoslo/Hue
  Presentation:
    :path: "../../"

CHECKOUT OPTIONS:
  Hue:
    :commit: c21ca81d4fa002309f8f8f554317bf9ec3167365
    :git: https://github.com/hyperoslo/Hue

SPEC CHECKSUMS:
  Cartography: e576cf19c0c1f201686180bcf4537f981574ce8d
  Hue: 0705083b7aff40334033373e6293ec1215285ac2
  Pages: f3718e6f03a5e2787f6b0bff4becb3c7c19bcebc
  Presentation: bb372ffe054c1aab90b4455f1b515f26650ccb09

PODFILE CHECKSUM: a46ef067438fe85dbabc3ca50d68bda71f1ff526

COCOAPODS: 1.1.0.rc.2
