// !$*UTF8*$!
{
	archiveVersion = 1;
	classes = {
	};
	objectVersion = 46;
	objects = {

/* Begin PBXBuildFile section */
		D3D95882AE758EF67F333D85 /* Pods.framework in Frameworks */ = {isa = PBXBuildFile; fileRef = 6D4A68838D32D2494868CDBA /* Pods.framework */; settings = {ATTRIBUTES = (Weak, ); }; };
		D542218C1AF64A7000F4E9A8 /* AppDelegate.swift in Sources */ = {isa = PBXBuildFile; fileRef = D542218B1AF64A7000F4E9A8 /* AppDelegate.swift */; };
		D542218E1AF64A7000F4E9A8 /* ViewController.swift in Sources */ = {isa = PBXBuildFile; fileRef = D542218D1AF64A7000F4E9A8 /* ViewController.swift */; };
		D54221961AF64A7000F4E9A8 /* LaunchScreen.xib in Resources */ = {isa = PBXBuildFile; fileRef = D54221941AF64A7000F4E9A8 /* LaunchScreen.xib */; };
		D5EFE3511AF64D8500E0814D /* Images.xcassets in Resources */ = {isa = PBXBuildFile; fileRef = D5EFE3501AF64D8500E0814D /* Images.xcassets */; };
/* End PBXBuildFile section */

/* Begin PBXFileReference section */
		6975562F146EF4C19735CF2C /* Pods.debug.xcconfig */ = {isa = PBXFileReference; includeInIndex = 1; lastKnownFileType = text.xcconfig; name = Pods.debug.xcconfig; path = "Pods/Target Support Files/Pods/Pods.debug.xcconfig"; sourceTree = "<group>"; };
		6D4A68838D32D2494868CDBA /* Pods.framework */ = {isa = PBXFileReference; explicitFileType = wrapper.framework; includeInIndex = 0; path = Pods.framework; sourceTree = BUILT_PRODUCTS_DIR; };
		6FCA86592E0135881A07A9D5 /* Pods.release.xcconfig */ = {isa = PBXFileReference; includeInIndex = 1; lastKnownFileType = text.xcconfig; name = Pods.release.xcconfig; path = "Pods/Target Support Files/Pods/Pods.release.xcconfig"; sourceTree = "<group>"; };
		D54221861AF64A7000F4E9A8 /* Basic.app */ = {isa = PBXFileReference; explicitFileType = wrapper.application; includeInIndex = 0; path = Basic.app; sourceTree = BUILT_PRODUCTS_DIR; };
		D542218A1AF64A7000F4E9A8 /* Info.plist */ = {isa = PBXFileReference; lastKnownFileType = text.plist.xml; path = Info.plist; sourceTree = "<group>"; };
		D542218B1AF64A7000F4E9A8 /* AppDelegate.swift */ = {isa = PBXFileReference; lastKnownFileType = sourcecode.swift; path = AppDelegate.swift; sourceTree = "<group>"; };
		D542218D1AF64A7000F4E9A8 /* ViewController.swift */ = {isa = PBXFileReference; lastKnownFileType = sourcecode.swift; path = ViewController.swift; sourceTree = "<group>"; };
		D54221951AF64A7000F4E9A8 /* Base */ = {isa = PBXFileReference; lastKnownFileType = file.xib; name = Base; path = Base.lproj/LaunchScreen.xib; sourceTree = "<group>"; };
		D5EFE3501AF64D8500E0814D /* Images.xcassets */ = {isa = PBXFileReference; lastKnownFileType = folder.assetcatalog; path = Images.xcassets; sourceTree = "<group>"; };
/* End PBXFileReference section */

/* Begin PBXFrameworksBuildPhase section */
		D54221831AF64A7000F4E9A8 /* Frameworks */ = {
			isa = PBXFrameworksBuildPhase;
			buildActionMask = 2147483647;
			files = (
				D3D95882AE758EF67F333D85 /* Pods.framework in Frameworks */,
			);
			runOnlyForDeploymentPostprocessing = 0;
		};
/* End PBXFrameworksBuildPhase section */

/* Begin PBXGroup section */
		7BB385731A23BFD439DC4FDF /* Frameworks */ = {
			isa = PBXGroup;
			children = (
				6D4A68838D32D2494868CDBA /* Pods.framework */,
			);
			name = Frameworks;
			sourceTree = "<group>";
		};
		A34D4190F7A22EF550D2B7E2 /* Pods */ = {
			isa = PBXGroup;
			children = (
				6975562F146EF4C19735CF2C /* Pods.debug.xcconfig */,
				6FCA86592E0135881A07A9D5 /* Pods.release.xcconfig */,
			);
			name = Pods;
			sourceTree = "<group>";
		};
		D542217D1AF64A7000F4E9A8 = {
			isa = PBXGroup;
			children = (
				D54221881AF64A7000F4E9A8 /* Basic */,
				D54221871AF64A7000F4E9A8 /* Products */,
				A34D4190F7A22EF550D2B7E2 /* Pods */,
				7BB385731A23BFD439DC4FDF /* Frameworks */,
			);
			sourceTree = "<group>";
		};
		D54221871AF64A7000F4E9A8 /* Products */ = {
			isa = PBXGroup;
			children = (
				D54221861AF64A7000F4E9A8 /* Basic.app */,
			);
			name = Products;
			sourceTree = "<group>";
		};
		D54221881AF64A7000F4E9A8 /* Basic */ = {
			isa = PBXGroup;
			children = (
				D5EFE34F1AF64D7100E0814D /* Resources */,
				D542218B1AF64A7000F4E9A8 /* AppDelegate.swift */,
				D542218D1AF64A7000F4E9A8 /* ViewController.swift */,
				D54221941AF64A7000F4E9A8 /* LaunchScreen.xib */,
				D54221891AF64A7000F4E9A8 /* Supporting Files */,
			);
			path = Basic;
			sourceTree = "<group>";
		};
		D54221891AF64A7000F4E9A8 /* Supporting Files */ = {
			isa = PBXGroup;
			children = (
				D542218A1AF64A7000F4E9A8 /* Info.plist */,
			);
			name = "Supporting Files";
			sourceTree = "<group>";
		};
		D5EFE34F1AF64D7100E0814D /* Resources */ = {
			isa = PBXGroup;
			children = (
				D5EFE3501AF64D8500E0814D /* Images.xcassets */,
			);
			path = Resources;
			sourceTree = "<group>";
		};
/* End PBXGroup section */

/* Begin PBXNativeTarget section */
		D54221851AF64A7000F4E9A8 /* Basic */ = {
			isa = PBXNativeTarget;
			buildConfigurationList = D54221A51AF64A7000F4E9A8 /* Build configuration list for PBXNativeTarget "Basic" */;
			buildPhases = (
				340EA80D84B87B1E75B32D48 /* Check Pods Manifest.lock */,
				D54221821AF64A7000F4E9A8 /* Sources */,
				D54221831AF64A7000F4E9A8 /* Frameworks */,
				D54221841AF64A7000F4E9A8 /* Resources */,
				1C2A415865F06ADCDCAA1992 /* Embed Pods Frameworks */,
				63BE239A35EFFC3BE08A4571 /* Copy Pods Resources */,
			);
			buildRules = (
			);
			dependencies = (
			);
			name = Basic;
			productName = Basic;
			productReference = D54221861AF64A7000F4E9A8 /* Basic.app */;
			productType = "com.apple.product-type.application";
		};
/* End PBXNativeTarget section */

/* Begin PBXProject section */
		D542217E1AF64A7000F4E9A8 /* Project object */ = {
			isa = PBXProject;
			attributes = {
				LastUpgradeCheck = 0630;
				ORGANIZATIONNAME = Hyper;
				TargetAttributes = {
					D54221851AF64A7000F4E9A8 = {
						CreatedOnToolsVersion = 6.3.1;
					};
				};
			};
			buildConfigurationList = D54221811AF64A7000F4E9A8 /* Build configuration list for PBXProject "Basic" */;
			compatibilityVersion = "Xcode 3.2";
			developmentRegion = English;
			hasScannedForEncodings = 0;
			knownRegions = (
				en,
				Base,
			);
			mainGroup = D542217D1AF64A7000F4E9A8;
			productRefGroup = D54221871AF64A7000F4E9A8 /* Products */;
			projectDirPath = "";
			projectRoot = "";
			targets = (
				D54221851AF64A7000F4E9A8 /* Basic */,
			);
		};
/* End PBXProject section */

/* Begin PBXResourcesBuildPhase section */
		D54221841AF64A7000F4E9A8 /* Resources */ = {
			isa = PBXResourcesBuildPhase;
			buildActionMask = 2147483647;
			files = (
				D54221961AF64A7000F4E9A8 /* LaunchScreen.xib in Resources */,
				D5EFE3511AF64D8500E0814D /* Images.xcassets in Resources */,
			);
			runOnlyForDeploymentPostprocessing = 0;
		};
/* End PBXResourcesBuildPhase section */

/* Begin PBXShellScriptBuildPhase section */
		1C2A415865F06ADCDCAA1992 /* Embed Pods Frameworks */ = {
			isa = PBXShellScriptBuildPhase;
			buildActionMask = 2147483647;
			files = (
			);
			inputPaths = (
			);
			name = "Embed Pods Frameworks";
			outputPaths = (
			);
			runOnlyForDeploymentPostprocessing = 0;
			shellPath = /bin/sh;
			shellScript = "\"${SRCROOT}/Pods/Target Support Files/Pods/Pods-frameworks.sh\"\n";
			showEnvVarsInLog = 0;
		};
		340EA80D84B87B1E75B32D48 /* Check Pods Manifest.lock */ = {
			isa = PBXShellScriptBuildPhase;
			buildActionMask = 2147483647;
			files = (
			);
			inputPaths = (
			);
			name = "Check Pods Manifest.lock";
			outputPaths = (
			);
			runOnlyForDeploymentPostprocessing = 0;
			shellPath = /bin/sh;
			shellScript = "diff \"${PODS_ROOT}/../Podfile.lock\" \"${PODS_ROOT}/Manifest.lock\" > /dev/null\nif [[ $? != 0 ]] ; then\n    cat << EOM\nerror: The sandbox is not in sync with the Podfile.lock. Run 'pod install' or update your CocoaPods installation.\nEOM\n    exit 1\nfi\n";
			showEnvVarsInLog = 0;
		};
		63BE239A35EFFC3BE08A4571 /* Copy Pods Resources */ = {
			isa = PBXShellScriptBuildPhase;
			buildActionMask = 2147483647;
			files = (
			);
			inputPaths = (
			);
			name = "Copy Pods Resources";
			outputPaths = (
			);
			runOnlyForDeploymentPostprocessing = 0;
			shellPath = /bin/sh;
			shellScript = "\"${SRCROOT}/Pods/Target Support Files/Pods/Pods-resources.sh\"\n";
			showEnvVarsInLog = 0;
		};
/* End PBXShellScriptBuildPhase section */

/* Begin PBXSourcesBuildPhase section */
		D54221821AF64A7000F4E9A8 /* Sources */ = {
			isa = PBXSourcesBuildPhase;
			buildActionMask = 2147483647;
			files = (
				D542218E1AF64A7000F4E9A8 /* ViewController.swift in Sources */,
				D542218C1AF64A7000F4E9A8 /* AppDelegate.swift in Sources */,
			);
			runOnlyForDeploymentPostprocessing = 0;
		};
/* End PBXSourcesBuildPhase section */

/* Begin PBXVariantGroup section */
		D54221941AF64A7000F4E9A8 /* LaunchScreen.xib */ = {
			isa = PBXVariantGroup;
			children = (
				D54221951AF64A7000F4E9A8 /* Base */,
			);
			name = LaunchScreen.xib;
			sourceTree = "<group>";
		};
/* End PBXVariantGroup section */

/* Begin XCBuildConfiguration section */
		D54221A31AF64A7000F4E9A8 /* Debug */ = {
			isa = XCBuildConfiguration;
			buildSettings = {
				ALWAYS_SEARCH_USER_PATHS = NO;
				CLANG_CXX_LANGUAGE_STANDARD = "gnu++0x";
				CLANG_CXX_LIBRARY = "libc++";
				CLANG_ENABLE_MODULES = YES;
				CLANG_ENABLE_OBJC_ARC = YES;
				CLANG_WARN_BOOL_CONVERSION = YES;
				CLANG_WARN_CONSTANT_CONVERSION = YES;
				CLANG_WARN_DIRECT_OBJC_ISA_USAGE = YES_ERROR;
				CLANG_WARN_EMPTY_BODY = YES;
				CLANG_WARN_ENUM_CONVERSION = YES;
				CLANG_WARN_INT_CONVERSION = YES;
				CLANG_WARN_OBJC_ROOT_CLASS = YES_ERROR;
				CLANG_WARN_UNREACHABLE_CODE = YES;
				CLANG_WARN__DUPLICATE_METHOD_MATCH = YES;
				"CODE_SIGN_IDENTITY[sdk=iphoneos*]" = "iPhone Developer";
				COPY_PHASE_STRIP = NO;
				DEBUG_INFORMATION_FORMAT = "dwarf-with-dsym";
				ENABLE_STRICT_OBJC_MSGSEND = YES;
				GCC_C_LANGUAGE_STANDARD = gnu99;
				GCC_DYNAMIC_NO_PIC = NO;
				GCC_NO_COMMON_BLOCKS = YES;
				GCC_OPTIMIZATION_LEVEL = 0;
				GCC_PREPROCESSOR_DEFINITIONS = (
					"DEBUG=1",
					"$(inherited)",
				);
				GCC_SYMBOLS_PRIVATE_EXTERN = NO;
				GCC_WARN_64_TO_32_BIT_CONVERSION = YES;
				GCC_WARN_ABOUT_RETURN_TYPE = YES_ERROR;
				GCC_WARN_UNDECLARED_SELECTOR = YES;
				GCC_WARN_UNINITIALIZED_AUTOS = YES_AGGRESSIVE;
				GCC_WARN_UNUSED_FUNCTION = YES;
				GCC_WARN_UNUSED_VARIABLE = YES;
				IPHONEOS_DEPLOYMENT_TARGET = 8.3;
				MTL_ENABLE_DEBUG_INFO = YES;
				ONLY_ACTIVE_ARCH = YES;
				SDKROOT = iphoneos;
				SWIFT_OPTIMIZATION_LEVEL = "-Onone";
				TARGETED_DEVICE_FAMILY = 2;
			};
			name = Debug;
		};
		D54221A41AF64A7000F4E9A8 /* Release */ = {
			isa = XCBuildConfiguration;
			buildSettings = {
				ALWAYS_SEARCH_USER_PATHS = NO;
				CLANG_CXX_LANGUAGE_STANDARD = "gnu++0x";
				CLANG_CXX_LIBRARY = "libc++";
				CLANG_ENABLE_MODULES = YES;
				CLANG_ENABLE_OBJC_ARC = YES;
				CLANG_WARN_BOOL_CONVERSION = YES;
				CLANG_WARN_CONSTANT_CONVERSION = YES;
				CLANG_WARN_DIRECT_OBJC_ISA_USAGE = YES_ERROR;
				CLANG_WARN_EMPTY_BODY = YES;
				CLANG_WARN_ENUM_CONVERSION = YES;
				CLANG_WARN_INT_CONVERSION = YES;
				CLANG_WARN_OBJC_ROOT_CLASS = YES_ERROR;
				CLANG_WARN_UNREACHABLE_CODE = YES;
				CLANG_WARN__DUPLICATE_METHOD_MATCH = YES;
				"CODE_SIGN_IDENTITY[sdk=iphoneos*]" = "iPhone Developer";
				COPY_PHASE_STRIP = NO;
				DEBUG_INFORMATION_FORMAT = "dwarf-with-dsym";
				ENABLE_NS_ASSERTIONS = NO;
				ENABLE_STRICT_OBJC_MSGSEND = YES;
				GCC_C_LANGUAGE_STANDARD = gnu99;
				GCC_NO_COMMON_BLOCKS = YES;
				GCC_WARN_64_TO_32_BIT_CONVERSION = YES;
				GCC_WARN_ABOUT_RETURN_TYPE = YES_ERROR;
				GCC_WARN_UNDECLARED_SELECTOR = YES;
				GCC_WARN_UNINITIALIZED_AUTOS = YES_AGGRESSIVE;
				GCC_WARN_UNUSED_FUNCTION = YES;
				GCC_WARN_UNUSED_VARIABLE = YES;
				IPHONEOS_DEPLOYMENT_TARGET = 8.3;
				MTL_ENABLE_DEBUG_INFO = NO;
				SDKROOT = iphoneos;
				TARGETED_DEVICE_FAMILY = 2;
				VALIDATE_PRODUCT = YES;
			};
			name = Release;
		};
		D54221A61AF64A7000F4E9A8 /* Debug */ = {
			isa = XCBuildConfiguration;
			baseConfigurationReference = 6975562F146EF4C19735CF2C /* Pods.debug.xcconfig */;
			buildSettings = {
				ASSETCATALOG_COMPILER_APPICON_NAME = AppIcon;
				INFOPLIST_FILE = Basic/Info.plist;
				LD_RUNPATH_SEARCH_PATHS = "$(inherited) @executable_path/Frameworks";
				PRODUCT_NAME = "$(TARGET_NAME)";
			};
			name = Debug;
		};
		D54221A71AF64A7000F4E9A8 /* Release */ = {
			isa = XCBuildConfiguration;
			baseConfigurationReference = 6FCA86592E0135881A07A9D5 /* Pods.release.xcconfig */;
			buildSettings = {
				ASSETCATALOG_COMPILER_APPICON_NAME = AppIcon;
				INFOPLIST_FILE = Basic/Info.plist;
				LD_RUNPATH_SEARCH_PATHS = "$(inherited) @executable_path/Frameworks";
				PRODUCT_NAME = "$(TARGET_NAME)";
			};
			name = Release;
		};
/* End XCBuildConfiguration section */

/* Begin XCConfigurationList section */
		D54221811AF64A7000F4E9A8 /* Build configuration list for PBXProject "Basic" */ = {
			isa = XCConfigurationList;
			buildConfigurations = (
				D54221A31AF64A7000F4E9A8 /* Debug */,
				D54221A41AF64A7000F4E9A8 /* Release */,
			);
			defaultConfigurationIsVisible = 0;
			defaultConfigurationName = Release;
		};
		D54221A51AF64A7000F4E9A8 /* Build configuration list for PBXNativeTarget "Basic" */ = {
			isa = XCConfigurationList;
			buildConfigurations = (
				D54221A61AF64A7000F4E9A8 /* Debug */,
				D54221A71AF64A7000F4E9A8 /* Release */,
			);
			defaultConfigurationIsVisible = 0;
			defaultConfigurationName = Release;
		};
/* End XCConfigurationList section */
	};
	rootObject = D542217E1AF64A7000F4E9A8 /* Project object */;
}
