// !$*UTF8*$!
{
	archiveVersion = 1;
	classes = {
	};
	objectVersion = 46;
	objects = {

/* Begin PBXBuildFile section */
		96F043126EF14B2D767397F5 /* Pods.framework in Frameworks */ = {isa = PBXBuildFile; fileRef = 19AAEC28E205728CA1917A3B /* Pods.framework */; settings = {ATTRIBUTES = (Weak, ); }; };
		D563C9FC1AF6DD6400E2F7C8 /* AppDelegate.swift in Sources */ = {isa = PBXBuildFile; fileRef = D563C9FB1AF6DD6400E2F7C8 /* AppDelegate.swift */; };
		D563C9FE1AF6DD6400E2F7C8 /* ViewController.swift in Sources */ = {isa = PBXBuildFile; fileRef = D563C9FD1AF6DD6400E2F7C8 /* ViewController.swift */; };
		D563CA061AF6DD6400E2F7C8 /* LaunchScreen.xib in Resources */ = {isa = PBXBuildFile; fileRef = D563CA041AF6DD6400E2F7C8 /* LaunchScreen.xib */; };
		D563CA1D1AF6DDDE00E2F7C8 /* Images.xcassets in Resources */ = {isa = PBXBuildFile; fileRef = D563CA1C1AF6DDDE00E2F7C8 /* Images.xcassets */; };
/* End PBXBuildFile section */

/* Begin PBXFileReference section */
		19AAEC28E205728CA1917A3B /* Pods.framework */ = {isa = PBXFileReference; explicitFileType = wrapper.framework; includeInIndex = 0; path = Pods.framework; sourceTree = BUILT_PRODUCTS_DIR; };
		810978B0480A9D2C02A92D9B /* Pods.debug.xcconfig */ = {isa = PBXFileReference; includeInIndex = 1; lastKnownFileType = text.xcconfig; name = Pods.debug.xcconfig; path = "Pods/Target Support Files/Pods/Pods.debug.xcconfig"; sourceTree = "<group>"; };
		89FB75BE36A34B1D8660538C /* Pods.release.xcconfig */ = {isa = PBXFileReference; includeInIndex = 1; lastKnownFileType = text.xcconfig; name = Pods.release.xcconfig; path = "Pods/Target Support Files/Pods/Pods.release.xcconfig"; sourceTree = "<group>"; };
		D563C9F61AF6DD6400E2F7C8 /* Parallax.app */ = {isa = PBXFileReference; explicitFileType = wrapper.application; includeInIndex = 0; path = Parallax.app; sourceTree = BUILT_PRODUCTS_DIR; };
		D563C9FA1AF6DD6400E2F7C8 /* Info.plist */ = {isa = PBXFileReference; lastKnownFileType = text.plist.xml; path = Info.plist; sourceTree = "<group>"; };
		D563C9FB1AF6DD6400E2F7C8 /* AppDelegate.swift */ = {isa = PBXFileReference; lastKnownFileType = sourcecode.swift; path = AppDelegate.swift; sourceTree = "<group>"; };
		D563C9FD1AF6DD6400E2F7C8 /* ViewController.swift */ = {isa = PBXFileReference; lastKnownFileType = sourcecode.swift; path = ViewController.swift; sourceTree = "<group>"; };
		D563CA051AF6DD6400E2F7C8 /* Base */ = {isa = PBXFileReference; lastKnownFileType = file.xib; name = Base; path = Base.lproj/LaunchScreen.xib; sourceTree = "<group>"; };
		D563CA1C1AF6DDDE00E2F7C8 /* Images.xcassets */ = {isa = PBXFileReference; lastKnownFileType = folder.assetcatalog; path = Images.xcassets; sourceTree = "<group>"; };
/* End PBXFileReference section */

/* Begin PBXFrameworksBuildPhase section */
		D563C9F31AF6DD6400E2F7C8 /* Frameworks */ = {
			isa = PBXFrameworksBuildPhase;
			buildActionMask = 2147483647;
			files = (
				96F043126EF14B2D767397F5 /* Pods.framework in Frameworks */,
			);
			runOnlyForDeploymentPostprocessing = 0;
		};
/* End PBXFrameworksBuildPhase section */

/* Begin PBXGroup section */
		64FB64093DB89B3EF9BB05FE /* Pods */ = {
			isa = PBXGroup;
			children = (
				810978B0480A9D2C02A92D9B /* Pods.debug.xcconfig */,
				89FB75BE36A34B1D8660538C /* Pods.release.xcconfig */,
			);
			name = Pods;
			sourceTree = "<group>";
		};
		BDEF999980885BB6D44186A5 /* Frameworks */ = {
			isa = PBXGroup;
			children = (
				19AAEC28E205728CA1917A3B /* Pods.framework */,
			);
			name = Frameworks;
			sourceTree = "<group>";
		};
		D563C9ED1AF6DD6400E2F7C8 = {
			isa = PBXGroup;
			children = (
				D563C9F81AF6DD6400E2F7C8 /* Parallax */,
				D563C9F71AF6DD6400E2F7C8 /* Products */,
				64FB64093DB89B3EF9BB05FE /* Pods */,
				BDEF999980885BB6D44186A5 /* Frameworks */,
			);
			sourceTree = "<group>";
		};
		D563C9F71AF6DD6400E2F7C8 /* Products */ = {
			isa = PBXGroup;
			children = (
				D563C9F61AF6DD6400E2F7C8 /* Parallax.app */,
			);
			name = Products;
			sourceTree = "<group>";
		};
		D563C9F81AF6DD6400E2F7C8 /* Parallax */ = {
			isa = PBXGroup;
			children = (
				D563CA1B1AF6DDBC00E2F7C8 /* Resources */,
				D563C9FB1AF6DD6400E2F7C8 /* AppDelegate.swift */,
				D563C9FD1AF6DD6400E2F7C8 /* ViewController.swift */,
				D563CA041AF6DD6400E2F7C8 /* LaunchScreen.xib */,
				D563C9F91AF6DD6400E2F7C8 /* Supporting Files */,
			);
			path = Parallax;
			sourceTree = "<group>";
		};
		D563C9F91AF6DD6400E2F7C8 /* Supporting Files */ = {
			isa = PBXGroup;
			children = (
				D563C9FA1AF6DD6400E2F7C8 /* Info.plist */,
			);
			name = "Supporting Files";
			sourceTree = "<group>";
		};
		D563CA1B1AF6DDBC00E2F7C8 /* Resources */ = {
			isa = PBXGroup;
			children = (
				D563CA1C1AF6DDDE00E2F7C8 /* Images.xcassets */,
			);
			path = Resources;
			sourceTree = "<group>";
		};
/* End PBXGroup section */

/* Begin PBXNativeTarget section */
		D563C9F51AF6DD6400E2F7C8 /* Parallax */ = {
			isa = PBXNativeTarget;
			buildConfigurationList = D563CA151AF6DD6400E2F7C8 /* Build configuration list for PBXNativeTarget "Parallax" */;
			buildPhases = (
				D32C1653AA3458D369AEE7ED /* Check Pods Manifest.lock */,
				D563C9F21AF6DD6400E2F7C8 /* Sources */,
				D563C9F31AF6DD6400E2F7C8 /* Frameworks */,
				D563C9F41AF6DD6400E2F7C8 /* Resources */,
				D85DA7B22336AAD150E7821A /* Embed Pods Frameworks */,
				164CB660A509A195057CAD8F /* Copy Pods Resources */,
			);
			buildRules = (
			);
			dependencies = (
			);
			name = Parallax;
			productName = Parallax;
			productReference = D563C9F61AF6DD6400E2F7C8 /* Parallax.app */;
			productType = "com.apple.product-type.application";
		};
/* End PBXNativeTarget section */

/* Begin PBXProject section */
		D563C9EE1AF6DD6400E2F7C8 /* Project object */ = {
			isa = PBXProject;
			attributes = {
				LastSwiftUpdateCheck = 0700;
				LastUpgradeCheck = 0700;
				ORGANIZATIONNAME = Hyper;
				TargetAttributes = {
					D563C9F51AF6DD6400E2F7C8 = {
						CreatedOnToolsVersion = 6.3.1;
					};
				};
			};
			buildConfigurationList = D563C9F11AF6DD6400E2F7C8 /* Build configuration list for PBXProject "Parallax" */;
			compatibilityVersion = "Xcode 3.2";
			developmentRegion = English;
			hasScannedForEncodings = 0;
			knownRegions = (
				en,
				Base,
			);
			mainGroup = D563C9ED1AF6DD6400E2F7C8;
			productRefGroup = D563C9F71AF6DD6400E2F7C8 /* Products */;
			projectDirPath = "";
			projectRoot = "";
			targets = (
				D563C9F51AF6DD6400E2F7C8 /* Parallax */,
			);
		};
/* End PBXProject section */

/* Begin PBXResourcesBuildPhase section */
		D563C9F41AF6DD6400E2F7C8 /* Resources */ = {
			isa = PBXResourcesBuildPhase;
			buildActionMask = 2147483647;
			files = (
				D563CA061AF6DD6400E2F7C8 /* LaunchScreen.xib in Resources */,
				D563CA1D1AF6DDDE00E2F7C8 /* Images.xcassets in Resources */,
			);
			runOnlyForDeploymentPostprocessing = 0;
		};
/* End PBXResourcesBuildPhase section */

/* Begin PBXShellScriptBuildPhase section */
		164CB660A509A195057CAD8F /* Copy Pods Resources */ = {
			isa = PBXShellScriptBuildPhase;
			buildActionMask = 2147483647;
			files = (
			);
			inputPaths = (
			);
			name = "Copy Pods Resources";
			outputPaths = (
			);
			runOnlyForDeploymentPostprocessing = 0;
			shellPath = /bin/sh;
			shellScript = "\"${SRCROOT}/Pods/Target Support Files/Pods/Pods-resources.sh\"\n";
			showEnvVarsInLog = 0;
		};
		D32C1653AA3458D369AEE7ED /* Check Pods Manifest.lock */ = {
			isa = PBXShellScriptBuildPhase;
			buildActionMask = 2147483647;
			files = (
			);
			inputPaths = (
			);
			name = "Check Pods Manifest.lock";
			outputPaths = (
			);
			runOnlyForDeploymentPostprocessing = 0;
			shellPath = /bin/sh;
			shellScript = "diff \"${PODS_ROOT}/../Podfile.lock\" \"${PODS_ROOT}/Manifest.lock\" > /dev/null\nif [[ $? != 0 ]] ; then\n    cat << EOM\nerror: The sandbox is not in sync with the Podfile.lock. Run 'pod install' or update your CocoaPods installation.\nEOM\n    exit 1\nfi\n";
			showEnvVarsInLog = 0;
		};
		D85DA7B22336AAD150E7821A /* Embed Pods Frameworks */ = {
			isa = PBXShellScriptBuildPhase;
			buildActionMask = 2147483647;
			files = (
			);
			inputPaths = (
			);
			name = "Embed Pods Frameworks";
			outputPaths = (
			);
			runOnlyForDeploymentPostprocessing = 0;
			shellPath = /bin/sh;
			shellScript = "\"${SRCROOT}/Pods/Target Support Files/Pods/Pods-frameworks.sh\"\n";
			showEnvVarsInLog = 0;
		};
/* End PBXShellScriptBuildPhase section */

/* Begin PBXSourcesBuildPhase section */
		D563C9F21AF6DD6400E2F7C8 /* Sources */ = {
			isa = PBXSourcesBuildPhase;
			buildActionMask = 2147483647;
			files = (
				D563C9FE1AF6DD6400E2F7C8 /* ViewController.swift in Sources */,
				D563C9FC1AF6DD6400E2F7C8 /* AppDelegate.swift in Sources */,
			);
			runOnlyForDeploymentPostprocessing = 0;
		};
/* End PBXSourcesBuildPhase section */

/* Begin PBXVariantGroup section */
		D563CA041AF6DD6400E2F7C8 /* LaunchScreen.xib */ = {
			isa = PBXVariantGroup;
			children = (
				D563CA051AF6DD6400E2F7C8 /* Base */,
			);
			name = LaunchScreen.xib;
			sourceTree = "<group>";
		};
/* End PBXVariantGroup section */

/* Begin XCBuildConfiguration section */
		D563CA131AF6DD6400E2F7C8 /* Debug */ = {
			isa = XCBuildConfiguration;
			buildSettings = {
				ALWAYS_SEARCH_USER_PATHS = NO;
				CLANG_CXX_LANGUAGE_STANDARD = "gnu++0x";
				CLANG_CXX_LIBRARY = "libc++";
				CLANG_ENABLE_MODULES = YES;
				CLANG_ENABLE_OBJC_ARC = YES;
				CLANG_WARN_BOOL_CONVERSION = YES;
				CLANG_WARN_CONSTANT_CONVERSION = YES;
				CLANG_WARN_DIRECT_OBJC_ISA_USAGE = YES_ERROR;
				CLANG_WARN_EMPTY_BODY = YES;
				CLANG_WARN_ENUM_CONVERSION = YES;
				CLANG_WARN_INT_CONVERSION = YES;
				CLANG_WARN_OBJC_ROOT_CLASS = YES_ERROR;
				CLANG_WARN_UNREACHABLE_CODE = YES;
				CLANG_WARN__DUPLICATE_METHOD_MATCH = YES;
				"CODE_SIGN_IDENTITY[sdk=iphoneos*]" = "iPhone Developer";
				COPY_PHASE_STRIP = NO;
				DEBUG_INFORMATION_FORMAT = "dwarf-with-dsym";
				ENABLE_STRICT_OBJC_MSGSEND = YES;
				ENABLE_TESTABILITY = YES;
				GCC_C_LANGUAGE_STANDARD = gnu99;
				GCC_DYNAMIC_NO_PIC = NO;
				GCC_NO_COMMON_BLOCKS = YES;
				GCC_OPTIMIZATION_LEVEL = 0;
				GCC_PREPROCESSOR_DEFINITIONS = (
					"DEBUG=1",
					"$(inherited)",
				);
				GCC_SYMBOLS_PRIVATE_EXTERN = NO;
				GCC_WARN_64_TO_32_BIT_CONVERSION = YES;
				GCC_WARN_ABOUT_RETURN_TYPE = YES_ERROR;
				GCC_WARN_UNDECLARED_SELECTOR = YES;
				GCC_WARN_UNINITIALIZED_AUTOS = YES_AGGRESSIVE;
				GCC_WARN_UNUSED_FUNCTION = YES;
				GCC_WARN_UNUSED_VARIABLE = YES;
				IPHONEOS_DEPLOYMENT_TARGET = 8.3;
				MTL_ENABLE_DEBUG_INFO = YES;
				ONLY_ACTIVE_ARCH = YES;
				SDKROOT = iphoneos;
				SWIFT_OPTIMIZATION_LEVEL = "-Onone";
				TARGETED_DEVICE_FAMILY = 2;
			};
			name = Debug;
		};
		D563CA141AF6DD6400E2F7C8 /* Release */ = {
			isa = XCBuildConfiguration;
			buildSettings = {
				ALWAYS_SEARCH_USER_PATHS = NO;
				CLANG_CXX_LANGUAGE_STANDARD = "gnu++0x";
				CLANG_CXX_LIBRARY = "libc++";
				CLANG_ENABLE_MODULES = YES;
				CLANG_ENABLE_OBJC_ARC = YES;
				CLANG_WARN_BOOL_CONVERSION = YES;
				CLANG_WARN_CONSTANT_CONVERSION = YES;
				CLANG_WARN_DIRECT_OBJC_ISA_USAGE = YES_ERROR;
				CLANG_WARN_EMPTY_BODY = YES;
				CLANG_WARN_ENUM_CONVERSION = YES;
				CLANG_WARN_INT_CONVERSION = YES;
				CLANG_WARN_OBJC_ROOT_CLASS = YES_ERROR;
				CLANG_WARN_UNREACHABLE_CODE = YES;
				CLANG_WARN__DUPLICATE_METHOD_MATCH = YES;
				"CODE_SIGN_IDENTITY[sdk=iphoneos*]" = "iPhone Developer";
				COPY_PHASE_STRIP = NO;
				DEBUG_INFORMATION_FORMAT = "dwarf-with-dsym";
				ENABLE_NS_ASSERTIONS = NO;
				ENABLE_STRICT_OBJC_MSGSEND = YES;
				GCC_C_LANGUAGE_STANDARD = gnu99;
				GCC_NO_COMMON_BLOCKS = YES;
				GCC_WARN_64_TO_32_BIT_CONVERSION = YES;
				GCC_WARN_ABOUT_RETURN_TYPE = YES_ERROR;
				GCC_WARN_UNDECLARED_SELECTOR = YES;
				GCC_WARN_UNINITIALIZED_AUTOS = YES_AGGRESSIVE;
				GCC_WARN_UNUSED_FUNCTION = YES;
				GCC_WARN_UNUSED_VARIABLE = YES;
				IPHONEOS_DEPLOYMENT_TARGET = 8.3;
				MTL_ENABLE_DEBUG_INFO = NO;
				SDKROOT = iphoneos;
				TARGETED_DEVICE_FAMILY = 2;
				VALIDATE_PRODUCT = YES;
			};
			name = Release;
		};
		D563CA161AF6DD6400E2F7C8 /* Debug */ = {
			isa = XCBuildConfiguration;
			baseConfigurationReference = 810978B0480A9D2C02A92D9B /* Pods.debug.xcconfig */;
			buildSettings = {
				ASSETCATALOG_COMPILER_APPICON_NAME = AppIcon;
				INFOPLIST_FILE = Parallax/Info.plist;
				LD_RUNPATH_SEARCH_PATHS = "$(inherited) @executable_path/Frameworks";
				PRODUCT_BUNDLE_IDENTIFIER = "no.hyper.$(PRODUCT_NAME:rfc1034identifier)";
				PRODUCT_NAME = "$(TARGET_NAME)";
			};
			name = Debug;
		};
		D563CA171AF6DD6400E2F7C8 /* Release */ = {
			isa = XCBuildConfiguration;
			baseConfigurationReference = 89FB75BE36A34B1D8660538C /* Pods.release.xcconfig */;
			buildSettings = {
				ASSETCATALOG_COMPILER_APPICON_NAME = AppIcon;
				INFOPLIST_FILE = Parallax/Info.plist;
				LD_RUNPATH_SEARCH_PATHS = "$(inherited) @executable_path/Frameworks";
				PRODUCT_BUNDLE_IDENTIFIER = "no.hyper.$(PRODUCT_NAME:rfc1034identifier)";
				PRODUCT_NAME = "$(TARGET_NAME)";
			};
			name = Release;
		};
/* End XCBuildConfiguration section */

/* Begin XCConfigurationList section */
		D563C9F11AF6DD6400E2F7C8 /* Build configuration list for PBXProject "Parallax" */ = {
			isa = XCConfigurationList;
			buildConfigurations = (
				D563CA131AF6DD6400E2F7C8 /* Debug */,
				D563CA141AF6DD6400E2F7C8 /* Release */,
			);
			defaultConfigurationIsVisible = 0;
			defaultConfigurationName = Release;
		};
		D563CA151AF6DD6400E2F7C8 /* Build configuration list for PBXNativeTarget "Parallax" */ = {
			isa = XCConfigurationList;
			buildConfigurations = (
				D563CA161AF6DD6400E2F7C8 /* Debug */,
				D563CA171AF6DD6400E2F7C8 /* Release */,
			);
			defaultConfigurationIsVisible = 0;
			defaultConfigurationName = Release;
		};
/* End XCConfigurationList section */
	};
	rootObject = D563C9EE1AF6DD6400E2F7C8 /* Project object */;
}
