PODS:
  - Hex (1.1.1)
  - Pages (0.3.0)

DEPENDENCIES:
  - Hex
  - Pages (from `https://github.com/hyperoslo/Pages.git`)

EXTERNAL SOURCES:
  Pages:
    :git: https://github.com/hyperoslo/Pages.git

CHECKOUT OPTIONS:
  Pages:
    :commit: eb794e364bf7242064d760fbb3bba9cbd9884e92
    :git: https://github.com/hyperoslo/Pages.git

SPEC CHECKSUMS:
  Hex: acf6d0dc34658d3d44047a992bfd09190c87e6e7
  Pages: 95a615950779b8db96eeed7d865490715836d821

COCOAPODS: 0.36.3
