PODS:
  - Hex (1.1.1)
  - Pages (0.1.1)

DEPENDENCIES:
  - Hex
  - Pages (from `https://github.com/hyperoslo/Pages.git`)

EXTERNAL SOURCES:
  Pages:
    :git: https://github.com/hyperoslo/Pages.git

CHECKOUT OPTIONS:
  Pages:
    :commit: 0b25146936c9878e586ab0f419b4f691a396b8a3
    :git: https://github.com/hyperoslo/Pages.git

SPEC CHECKSUMS:
  Hex: acf6d0dc34658d3d44047a992bfd09190c87e6e7
  Pages: c507fbb5f9d362498aa68cd561dae049966aa135

COCOAPODS: 0.36.3
